// !$*UTF8*$!
{
	archiveVersion = 1;
	classes = {
	};
	objectVersion = 77;
	objects = {

/* Begin PBXContainerItemProxy section */
		C3D5B7B22CF4132100B92E71 /* PBXContainerItemProxy */ = {
			isa = PBXContainerItemProxy;
			containerPortal = C3D5B7992CF4131D00B92E71 /* Project object */;
			proxyType = 1;
			remoteGlobalIDString = C3D5B7A02CF4131D00B92E71;
			remoteInfo = forGitTesting;
		};
		C3D5B7BC2CF4132100B92E71 /* PBXContainerItemProxy */ = {
			isa = PBXContainerItemProxy;
			containerPortal = C3D5B7992CF4131D00B92E71 /* Project object */;
			proxyType = 1;
			remoteGlobalIDString = C3D5B7A02CF4131D00B92E71;
			remoteInfo = forGitTesting;
		};
/* End PBXContainerItemProxy section */

/* Begin PBXFileReference section */
		C3D5B7A12CF4131D00B92E71 /* forGitTesting.app */ = {isa = PBXFileReference; explicitFileType = wrapper.application; includeInIndex = 0; path = forGitTesting.app; sourceTree = BUILT_PRODUCTS_DIR; };
		C3D5B7B12CF4132100B92E71 /* forGitTestingTests.xctest */ = {isa = PBXFileReference; explicitFileType = wrapper.cfbundle; includeInIndex = 0; path = forGitTestingTests.xctest; sourceTree = BUILT_PRODUCTS_DIR; };
		C3D5B7BB2CF4132100B92E71 /* forGitTestingUITests.xctest */ = {isa = PBXFileReference; explicitFileType = wrapper.cfbundle; includeInIndex = 0; path = forGitTestingUITests.xctest; sourceTree = BUILT_PRODUCTS_DIR; };
/* End PBXFileReference section */

/* Begin PBXFileSystemSynchronizedRootGroup section */
		C3D5B7A32CF4131D00B92E71 /* forGitTesting */ = {
			isa = PBXFileSystemSynchronizedRootGroup;
			path = forGitTesting;
			sourceTree = "<group>";
		};
		C3D5B7B42CF4132100B92E71 /* forGitTestingTests */ = {
			isa = PBXFileSystemSynchronizedRootGroup;
			path = forGitTestingTests;
			sourceTree = "<group>";
		};
		C3D5B7BE2CF4132100B92E71 /* forGitTestingUITests */ = {
			isa = PBXFileSystemSynchronizedRootGroup;
			path = forGitTestingUITests;
			sourceTree = "<group>";
		};
/* End PBXFileSystemSynchronizedRootGroup section */

/* Begin PBXFrameworksBuildPhase section */
		C3D5B79E2CF4131D00B92E71 /* Frameworks */ = {
			isa = PBXFrameworksBuildPhase;
			buildActionMask = 2147483647;
			files = (
			);
			runOnlyForDeploymentPostprocessing = 0;
		};
		C3D5B7AE2CF4132100B92E71 /* Frameworks */ = {
			isa = PBXFrameworksBuildPhase;
			buildActionMask = 2147483647;
			files = (
			);
			runOnlyForDeploymentPostprocessing = 0;
		};
		C3D5B7B82CF4132100B92E71 /* Frameworks */ = {
			isa = PBXFrameworksBuildPhase;
			buildActionMask = 2147483647;
			files = (
			);
			runOnlyForDeploymentPostprocessing = 0;
		};
/* End PBXFrameworksBuildPhase section */

/* Begin PBXGroup section */
		C3D5B7982CF4131C00B92E71 = {
			isa = PBXGroup;
			children = (
				C3D5B7A32CF4131D00B92E71 /* forGitTesting */,
				C3D5B7B42CF4132100B92E71 /* forGitTestingTests */,
				C3D5B7BE2CF4132100B92E71 /* forGitTestingUITests */,
				C3D5B7A22CF4131D00B92E71 /* Products */,
			);
			sourceTree = "<group>";
		};
		C3D5B7A22CF4131D00B92E71 /* Products */ = {
			isa = PBXGroup;
			children = (
				C3D5B7A12CF4131D00B92E71 /* forGitTesting.app */,
				C3D5B7B12CF4132100B92E71 /* forGitTestingTests.xctest */,
				C3D5B7BB2CF4132100B92E71 /* forGitTestingUITests.xctest */,
			);
			name = Products;
			sourceTree = "<group>";
		};
/* End PBXGroup section */

/* Begin PBXNativeTarget section */
		C3D5B7A02CF4131D00B92E71 /* forGitTesting */ = {
			isa = PBXNativeTarget;
			buildConfigurationList = C3D5B7C52CF4132100B92E71 /* Build configuration list for PBXNativeTarget "forGitTesting" */;
			buildPhases = (
				C3D5B79D2CF4131D00B92E71 /* Sources */,
				C3D5B79E2CF4131D00B92E71 /* Frameworks */,
				C3D5B79F2CF4131D00B92E71 /* Resources */,
			);
			buildRules = (
			);
			dependencies = (
			);
			fileSystemSynchronizedGroups = (
				C3D5B7A32CF4131D00B92E71 /* forGitTesting */,
			);
			name = forGitTesting;
			packageProductDependencies = (
			);
			productName = forGitTesting;
			productReference = C3D5B7A12CF4131D00B92E71 /* forGitTesting.app */;
			productType = "com.apple.product-type.application";
		};
		C3D5B7B02CF4132100B92E71 /* forGitTestingTests */ = {
			isa = PBXNativeTarget;
			buildConfigurationList = C3D5B7C82CF4132100B92E71 /* Build configuration list for PBXNativeTarget "forGitTestingTests" */;
			buildPhases = (
				C3D5B7AD2CF4132100B92E71 /* Sources */,
				C3D5B7AE2CF4132100B92E71 /* Frameworks */,
				C3D5B7AF2CF4132100B92E71 /* Resources */,
			);
			buildRules = (
			);
			dependencies = (
				C3D5B7B32CF4132100B92E71 /* PBXTargetDependency */,
			);
			fileSystemSynchronizedGroups = (
				C3D5B7B42CF4132100B92E71 /* forGitTestingTests */,
			);
			name = forGitTestingTests;
			packageProductDependencies = (
			);
			productName = forGitTestingTests;
			productReference = C3D5B7B12CF4132100B92E71 /* forGitTestingTests.xctest */;
			productType = "com.apple.product-type.bundle.unit-test";
		};
		C3D5B7BA2CF4132100B92E71 /* forGitTestingUITests */ = {
			isa = PBXNativeTarget;
			buildConfigurationList = C3D5B7CB2CF4132100B92E71 /* Build configuration list for PBXNativeTarget "forGitTestingUITests" */;
			buildPhases = (
				C3D5B7B72CF4132100B92E71 /* Sources */,
				C3D5B7B82CF4132100B92E71 /* Frameworks */,
				C3D5B7B92CF4132100B92E71 /* Resources */,
			);
			buildRules = (
			);
			dependencies = (
				C3D5B7BD2CF4132100B92E71 /* PBXTargetDependency */,
			);
			fileSystemSynchronizedGroups = (
				C3D5B7BE2CF4132100B92E71 /* forGitTestingUITests */,
			);
			name = forGitTestingUITests;
			packageProductDependencies = (
			);
			productName = forGitTestingUITests;
			productReference = C3D5B7BB2CF4132100B92E71 /* forGitTestingUITests.xctest */;
			productType = "com.apple.product-type.bundle.ui-testing";
		};
/* End PBXNativeTarget section */

/* Begin PBXProject section */
		C3D5B7992CF4131D00B92E71 /* Project object */ = {
			isa = PBXProject;
			attributes = {
				BuildIndependentTargetsInParallel = 1;
				LastSwiftUpdateCheck = 1610;
				LastUpgradeCheck = 1610;
				TargetAttributes = {
					C3D5B7A02CF4131D00B92E71 = {
						CreatedOnToolsVersion = 16.1;
					};
					C3D5B7B02CF4132100B92E71 = {
						CreatedOnToolsVersion = 16.1;
						TestTargetID = C3D5B7A02CF4131D00B92E71;
					};
					C3D5B7BA2CF4132100B92E71 = {
						CreatedOnToolsVersion = 16.1;
						TestTargetID = C3D5B7A02CF4131D00B92E71;
					};
				};
			};
			buildConfigurationList = C3D5B79C2CF4131D00B92E71 /* Build configuration list for PBXProject "forGitTesting" */;
			developmentRegion = en;
			hasScannedForEncodings = 0;
			knownRegions = (
				en,
				Base,
			);
			mainGroup = C3D5B7982CF4131C00B92E71;
			minimizedProjectReferenceProxies = 1;
			preferredProjectObjectVersion = 77;
			productRefGroup = C3D5B7A22CF4131D00B92E71 /* Products */;
			projectDirPath = "";
			projectRoot = "";
			targets = (
				C3D5B7A02CF4131D00B92E71 /* forGitTesting */,
				C3D5B7B02CF4132100B92E71 /* forGitTestingTests */,
				C3D5B7BA2CF4132100B92E71 /* forGitTestingUITests */,
			);
		};
/* End PBXProject section */

/* Begin PBXResourcesBuildPhase section */
		C3D5B79F2CF4131D00B92E71 /* Resources */ = {
			isa = PBXResourcesBuildPhase;
			buildActionMask = 2147483647;
			files = (
			);
			runOnlyForDeploymentPostprocessing = 0;
		};
		C3D5B7AF2CF4132100B92E71 /* Resources */ = {
			isa = PBXResourcesBuildPhase;
			buildActionMask = 2147483647;
			files = (
			);
			runOnlyForDeploymentPostprocessing = 0;
		};
		C3D5B7B92CF4132100B92E71 /* Resources */ = {
			isa = PBXResourcesBuildPhase;
			buildActionMask = 2147483647;
			files = (
			);
			runOnlyForDeploymentPostprocessing = 0;
		};
/* End PBXResourcesBuildPhase section */

/* Begin PBXSourcesBuildPhase section */
		C3D5B79D2CF4131D00B92E71 /* Sources */ = {
			isa = PBXSourcesBuildPhase;
			buildActionMask = 2147483647;
			files = (
			);
			runOnlyForDeploymentPostprocessing = 0;
		};
		C3D5B7AD2CF4132100B92E71 /* Sources */ = {
			isa = PBXSourcesBuildPhase;
			buildActionMask = 2147483647;
			files = (
			);
			runOnlyForDeploymentPostprocessing = 0;
		};
		C3D5B7B72CF4132100B92E71 /* Sources */ = {
			isa = PBXSourcesBuildPhase;
			buildActionMask = 2147483647;
			files = (
			);
			runOnlyForDeploymentPostprocessing = 0;
		};
/* End PBXSourcesBuildPhase section */

/* Begin PBXTargetDependency section */
		C3D5B7B32CF4132100B92E71 /* PBXTargetDependency */ = {
			isa = PBXTargetDependency;
			target = C3D5B7A02CF4131D00B92E71 /* forGitTesting */;
			targetProxy = C3D5B7B22CF4132100B92E71 /* PBXContainerItemProxy */;
		};
		C3D5B7BD2CF4132100B92E71 /* PBXTargetDependency */ = {
			isa = PBXTargetDependency;
			target = C3D5B7A02CF4131D00B92E71 /* forGitTesting */;
			targetProxy = C3D5B7BC2CF4132100B92E71 /* PBXContainerItemProxy */;
		};
/* End PBXTargetDependency section */

/* Begin XCBuildConfiguration section */
		C3D5B7C32CF4132100B92E71 /* Debug */ = {
			isa = XCBuildConfiguration;
			buildSettings = {
				ALWAYS_SEARCH_USER_PATHS = NO;
				ASSETCATALOG_COMPILER_GENERATE_SWIFT_ASSET_SYMBOL_EXTENSIONS = YES;
				CLANG_ANALYZER_NONNULL = YES;
				CLANG_ANALYZER_NUMBER_OBJECT_CONVERSION = YES_AGGRESSIVE;
				CLANG_CXX_LANGUAGE_STANDARD = "gnu++20";
				CLANG_ENABLE_MODULES = YES;
				CLANG_ENABLE_OBJC_ARC = YES;
				CLANG_ENABLE_OBJC_WEAK = YES;
				CLANG_WARN_BLOCK_CAPTURE_AUTORELEASING = YES;
				CLANG_WARN_BOOL_CONVERSION = YES;
				CLANG_WARN_COMMA = YES;
				CLANG_WARN_CONSTANT_CONVERSION = YES;
				CLANG_WARN_DEPRECATED_OBJC_IMPLEMENTATIONS = YES;
				CLANG_WARN_DIRECT_OBJC_ISA_USAGE = YES_ERROR;
				CLANG_WARN_DOCUMENTATION_COMMENTS = YES;
				CLANG_WARN_EMPTY_BODY = YES;
				CLANG_WARN_ENUM_CONVERSION = YES;
				CLANG_WARN_INFINITE_RECURSION = YES;
				CLANG_WARN_INT_CONVERSION = YES;
				CLANG_WARN_NON_LITERAL_NULL_CONVERSION = YES;
				CLANG_WARN_OBJC_IMPLICIT_RETAIN_SELF = YES;
				CLANG_WARN_OBJC_LITERAL_CONVERSION = YES;
				CLANG_WARN_OBJC_ROOT_CLASS = YES_ERROR;
				CLANG_WARN_QUOTED_INCLUDE_IN_FRAMEWORK_HEADER = YES;
				CLANG_WARN_RANGE_LOOP_ANALYSIS = YES;
				CLANG_WARN_STRICT_PROTOTYPES = YES;
				CLANG_WARN_SUSPICIOUS_MOVE = YES;
				CLANG_WARN_UNGUARDED_AVAILABILITY = YES_AGGRESSIVE;
				CLANG_WARN_UNREACHABLE_CODE = YES;
				CLANG_WARN__DUPLICATE_METHOD_MATCH = YES;
				COPY_PHASE_STRIP = NO;
				DEBUG_INFORMATION_FORMAT = dwarf;
				ENABLE_STRICT_OBJC_MSGSEND = YES;
				ENABLE_TESTABILITY = YES;
				ENABLE_USER_SCRIPT_SANDBOXING = YES;
				GCC_C_LANGUAGE_STANDARD = gnu17;
				GCC_DYNAMIC_NO_PIC = NO;
				GCC_NO_COMMON_BLOCKS = YES;
				GCC_OPTIMIZATION_LEVEL = 0;
				GCC_PREPROCESSOR_DEFINITIONS = (
					"DEBUG=1",
					"$(inherited)",
				);
				GCC_WARN_64_TO_32_BIT_CONVERSION = YES;
				GCC_WARN_ABOUT_RETURN_TYPE = YES_ERROR;
				GCC_WARN_UNDECLARED_SELECTOR = YES;
				GCC_WARN_UNINITIALIZED_AUTOS = YES_AGGRESSIVE;
				GCC_WARN_UNUSED_FUNCTION = YES;
				GCC_WARN_UNUSED_VARIABLE = YES;
				IPHONEOS_DEPLOYMENT_TARGET = 18.1;
				LOCALIZATION_PREFERS_STRING_CATALOGS = YES;
				MTL_ENABLE_DEBUG_INFO = INCLUDE_SOURCE;
				MTL_FAST_MATH = YES;
				ONLY_ACTIVE_ARCH = YES;
				SDKROOT = iphoneos;
				SWIFT_ACTIVE_COMPILATION_CONDITIONS = "DEBUG $(inherited)";
				SWIFT_OPTIMIZATION_LEVEL = "-Onone";
			};
			name = Debug;
		};
		C3D5B7C42CF4132100B92E71 /* Release */ = {
			isa = XCBuildConfiguration;
			buildSettings = {
				ALWAYS_SEARCH_USER_PATHS = NO;
				ASSETCATALOG_COMPILER_GENERATE_SWIFT_ASSET_SYMBOL_EXTENSIONS = YES;
				CLANG_ANALYZER_NONNULL = YES;
				CLANG_ANALYZER_NUMBER_OBJECT_CONVERSION = YES_AGGRESSIVE;
				CLANG_CXX_LANGUAGE_STANDARD = "gnu++20";
				CLANG_ENABLE_MODULES = YES;
				CLANG_ENABLE_OBJC_ARC = YES;
				CLANG_ENABLE_OBJC_WEAK = YES;
				CLANG_WARN_BLOCK_CAPTURE_AUTORELEASING = YES;
				CLANG_WARN_BOOL_CONVERSION = YES;
				CLANG_WARN_COMMA = YES;
				CLANG_WARN_CONSTANT_CONVERSION = YES;
				CLANG_WARN_DEPRECATED_OBJC_IMPLEMENTATIONS = YES;
				CLANG_WARN_DIRECT_OBJC_ISA_USAGE = YES_ERROR;
				CLANG_WARN_DOCUMENTATION_COMMENTS = YES;
				CLANG_WARN_EMPTY_BODY = YES;
				CLANG_WARN_ENUM_CONVERSION = YES;
				CLANG_WARN_INFINITE_RECURSION = YES;
				CLANG_WARN_INT_CONVERSION = YES;
				CLANG_WARN_NON_LITERAL_NULL_CONVERSION = YES;
				CLANG_WARN_OBJC_IMPLICIT_RETAIN_SELF = YES;
				CLANG_WARN_OBJC_LITERAL_CONVERSION = YES;
				CLANG_WARN_OBJC_ROOT_CLASS = YES_ERROR;
				CLANG_WARN_QUOTED_INCLUDE_IN_FRAMEWORK_HEADER = YES;
				CLANG_WARN_RANGE_LOOP_ANALYSIS = YES;
				CLANG_WARN_STRICT_PROTOTYPES = YES;
				CLANG_WARN_SUSPICIOUS_MOVE = YES;
				CLANG_WARN_UNGUARDED_AVAILABILITY = YES_AGGRESSIVE;
				CLANG_WARN_UNREACHABLE_CODE = YES;
				CLANG_WARN__DUPLICATE_METHOD_MATCH = YES;
				COPY_PHASE_STRIP = NO;
				DEBUG_INFORMATION_FORMAT = "dwarf-with-dsym";
				ENABLE_NS_ASSERTIONS = NO;
				ENABLE_STRICT_OBJC_MSGSEND = YES;
				ENABLE_USER_SCRIPT_SANDBOXING = YES;
				GCC_C_LANGUAGE_STANDARD = gnu17;
				GCC_NO_COMMON_BLOCKS = YES;
				GCC_WARN_64_TO_32_BIT_CONVERSION = YES;
				GCC_WARN_ABOUT_RETURN_TYPE = YES_ERROR;
				GCC_WARN_UNDECLARED_SELECTOR = YES;
				GCC_WARN_UNINITIALIZED_AUTOS = YES_AGGRESSIVE;
				GCC_WARN_UNUSED_FUNCTION = YES;
				GCC_WARN_UNUSED_VARIABLE = YES;
				IPHONEOS_DEPLOYMENT_TARGET = 18.1;
				LOCALIZATION_PREFERS_STRING_CATALOGS = YES;
				MTL_ENABLE_DEBUG_INFO = NO;
				MTL_FAST_MATH = YES;
				SDKROOT = iphoneos;
				SWIFT_COMPILATION_MODE = wholemodule;
				VALIDATE_PRODUCT = YES;
			};
			name = Release;
		};
		C3D5B7C62CF4132100B92E71 /* Debug */ = {
			isa = XCBuildConfiguration;
			buildSettings = {
				ASSETCATALOG_COMPILER_APPICON_NAME = AppIcon;
				ASSETCATALOG_COMPILER_GLOBAL_ACCENT_COLOR_NAME = AccentColor;
				CODE_SIGN_STYLE = Automatic;
				CURRENT_PROJECT_VERSION = 1;
				DEVELOPMENT_ASSET_PATHS = "\"forGitTesting/Preview Content\"";
				ENABLE_PREVIEWS = YES;
				GENERATE_INFOPLIST_FILE = YES;
				INFOPLIST_KEY_UIApplicationSceneManifest_Generation = YES;
				INFOPLIST_KEY_UIApplicationSupportsIndirectInputEvents = YES;
				INFOPLIST_KEY_UILaunchScreen_Generation = YES;
				INFOPLIST_KEY_UISupportedInterfaceOrientations_iPad = "UIInterfaceOrientationPortrait UIInterfaceOrientationPortraitUpsideDown UIInterfaceOrientationLandscapeLeft UIInterfaceOrientationLandscapeRight";
				INFOPLIST_KEY_UISupportedInterfaceOrientations_iPhone = "UIInterfaceOrientationPortrait UIInterfaceOrientationLandscapeLeft UIInterfaceOrientationLandscapeRight";
				LD_RUNPATH_SEARCH_PATHS = (
					"$(inherited)",
					"@executable_path/Frameworks",
				);
				MARKETING_VERSION = 1.0;
				PRODUCT_BUNDLE_IDENTIFIER = hamsik22.forGitTesting;
				PRODUCT_NAME = "$(TARGET_NAME)";
				SWIFT_EMIT_LOC_STRINGS = YES;
				SWIFT_VERSION = 5.0;
				TARGETED_DEVICE_FAMILY = "1,2";
			};
			name = Debug;
		};
		C3D5B7C72CF4132100B92E71 /* Release */ = {
			isa = XCBuildConfiguration;
			buildSettings = {
				ASSETCATALOG_COMPILER_APPICON_NAME = AppIcon;
				ASSETCATALOG_COMPILER_GLOBAL_ACCENT_COLOR_NAME = AccentColor;
				CODE_SIGN_STYLE = Automatic;
				CURRENT_PROJECT_VERSION = 1;
				DEVELOPMENT_ASSET_PATHS = "\"forGitTesting/Preview Content\"";
				ENABLE_PREVIEWS = YES;
				GENERATE_INFOPLIST_FILE = YES;
				INFOPLIST_KEY_UIApplicationSceneManifest_Generation = YES;
				INFOPLIST_KEY_UIApplicationSupportsIndirectInputEvents = YES;
				INFOPLIST_KEY_UILaunchScreen_Generation = YES;
				INFOPLIST_KEY_UISupportedInterfaceOrientations_iPad = "UIInterfaceOrientationPortrait UIInterfaceOrientationPortraitUpsideDown UIInterfaceOrientationLandscapeLeft UIInterfaceOrientationLandscapeRight";
				INFOPLIST_KEY_UISupportedInterfaceOrientations_iPhone = "UIInterfaceOrientationPortrait UIInterfaceOrientationLandscapeLeft UIInterfaceOrientationLandscapeRight";
				LD_RUNPATH_SEARCH_PATHS = (
					"$(inherited)",
					"@executable_path/Frameworks",
				);
				MARKETING_VERSION = 1.0;
				PRODUCT_BUNDLE_IDENTIFIER = hamsik22.forGitTesting;
				PRODUCT_NAME = "$(TARGET_NAME)";
				SWIFT_EMIT_LOC_STRINGS = YES;
				SWIFT_VERSION = 5.0;
				TARGETED_DEVICE_FAMILY = "1,2";
			};
			name = Release;
		};
		C3D5B7C92CF4132100B92E71 /* Debug */ = {
			isa = XCBuildConfiguration;
			buildSettings = {
				BUNDLE_LOADER = "$(TEST_HOST)";
				CODE_SIGN_STYLE = Automatic;
				CURRENT_PROJECT_VERSION = 1;
				GENERATE_INFOPLIST_FILE = YES;
				IPHONEOS_DEPLOYMENT_TARGET = 18.1;
				MARKETING_VERSION = 1.0;
				PRODUCT_BUNDLE_IDENTIFIER = hamsik22.forGitTestingTests;
				PRODUCT_NAME = "$(TARGET_NAME)";
				SWIFT_EMIT_LOC_STRINGS = NO;
				SWIFT_VERSION = 5.0;
				TARGETED_DEVICE_FAMILY = "1,2";
				TEST_HOST = "$(BUILT_PRODUCTS_DIR)/forGitTesting.app/$(BUNDLE_EXECUTABLE_FOLDER_PATH)/forGitTesting";
			};
			name = Debug;
		};
		C3D5B7CA2CF4132100B92E71 /* Release */ = {
			isa = XCBuildConfiguration;
			buildSettings = {
				BUNDLE_LOADER = "$(TEST_HOST)";
				CODE_SIGN_STYLE = Automatic;
				CURRENT_PROJECT_VERSION = 1;
				GENERATE_INFOPLIST_FILE = YES;
				IPHONEOS_DEPLOYMENT_TARGET = 18.1;
				MARKETING_VERSION = 1.0;
				PRODUCT_BUNDLE_IDENTIFIER = hamsik22.forGitTestingTests;
				PRODUCT_NAME = "$(TARGET_NAME)";
				SWIFT_EMIT_LOC_STRINGS = NO;
				SWIFT_VERSION = 5.0;
				TARGETED_DEVICE_FAMILY = "1,2";
				TEST_HOST = "$(BUILT_PRODUCTS_DIR)/forGitTesting.app/$(BUNDLE_EXECUTABLE_FOLDER_PATH)/forGitTesting";
			};
			name = Release;
		};
		C3D5B7CC2CF4132100B92E71 /* Debug */ = {
			isa = XCBuildConfiguration;
			buildSettings = {
				CODE_SIGN_STYLE = Automatic;
				CURRENT_PROJECT_VERSION = 1;
				GENERATE_INFOPLIST_FILE = YES;
				MARKETING_VERSION = 1.0;
				PRODUCT_BUNDLE_IDENTIFIER = hamsik22.forGitTestingUITests;
				PRODUCT_NAME = "$(TARGET_NAME)";
				SWIFT_EMIT_LOC_STRINGS = NO;
				SWIFT_VERSION = 5.0;
				TARGETED_DEVICE_FAMILY = "1,2";
				TEST_TARGET_NAME = forGitTesting;
			};
			name = Debug;
		};
		C3D5B7CD2CF4132100B92E71 /* Release */ = {
			isa = XCBuildConfiguration;
			buildSettings = {
				CODE_SIGN_STYLE = Automatic;
				CURRENT_PROJECT_VERSION = 1;
				GENERATE_INFOPLIST_FILE = YES;
				MARKETING_VERSION = 1.0;
				PRODUCT_BUNDLE_IDENTIFIER = hamsik22.forGitTestingUITests;
				PRODUCT_NAME = "$(TARGET_NAME)";
				SWIFT_EMIT_LOC_STRINGS = NO;
				SWIFT_VERSION = 5.0;
				TARGETED_DEVICE_FAMILY = "1,2";
				TEST_TARGET_NAME = forGitTesting;
			};
			name = Release;
		};
/* End XCBuildConfiguration section */

/* Begin XCConfigurationList section */
		C3D5B79C2CF4131D00B92E71 /* Build configuration list for PBXProject "forGitTesting" */ = {
			isa = XCConfigurationList;
			buildConfigurations = (
				C3D5B7C32CF4132100B92E71 /* Debug */,
				C3D5B7C42CF4132100B92E71 /* Release */,
			);
			defaultConfigurationIsVisible = 0;
			defaultConfigurationName = Release;
		};
		C3D5B7C52CF4132100B92E71 /* Build configuration list for PBXNativeTarget "forGitTesting" */ = {
			isa = XCConfigurationList;
			buildConfigurations = (
				C3D5B7C62CF4132100B92E71 /* Debug */,
				C3D5B7C72CF4132100B92E71 /* Release */,
			);
			defaultConfigurationIsVisible = 0;
			defaultConfigurationName = Release;
		};
		C3D5B7C82CF4132100B92E71 /* Build configuration list for PBXNativeTarget "forGitTestingTests" */ = {
			isa = XCConfigurationList;
			buildConfigurations = (
				C3D5B7C92CF4132100B92E71 /* Debug */,
				C3D5B7CA2CF4132100B92E71 /* Release */,
			);
			defaultConfigurationIsVisible = 0;
			defaultConfigurationName = Release;
		};
		C3D5B7CB2CF4132100B92E71 /* Build configuration list for PBXNativeTarget "forGitTestingUITests" */ = {
			isa = XCConfigurationList;
			buildConfigurations = (
				C3D5B7CC2CF4132100B92E71 /* Debug */,
				C3D5B7CD2CF4132100B92E71 /* Release */,
			);
			defaultConfigurationIsVisible = 0;
			defaultConfigurationName = Release;
		};
/* End XCConfigurationList section */
	};
	rootObject = C3D5B7992CF4131D00B92E71 /* Project object */;
}
